{
  "name": "crypto-app",
  "requires": true,
  "lockfileVersion": 1,
  "dependencies": {
    "cryptocurrency-icons": {
      "version": "0.14.0",
      "resolved": "https://registry.npmjs.org/cryptocurrency-icons/-/cryptocurrency-icons-0.14.0.tgz",
      "integrity": "sha512-pOEUyjnDDW7GxpH44LZHLoD72khQc4M86Ub23T6xWTY7CuqMLlvX8CJDQYSJ11Fmf84OkygDdMythEJdLb/EIQ=="
    }
  }
}
